
Microsoft Visual Studio Solution File, Format Version 12.00
# Visual Studio Version 17
VisualStudioVersion = 17.6.33723.286
MinimumVisualStudioVersion = 10.0.40219.1
Project("{FAE04EC0-301F-11D3-BF4B-00C04F79EFBC}") = "ProjectKFWebApi", "ProjectKFWebApi.csproj", "{0141D610-5AFD-4B07-BFCA-DE86D610BE90}"
EndProject
Global
	GlobalSection(SolutionConfigurationPlatforms) = preSolution
		Debug|Any CPU = Debug|Any CPU
		Release|Any CPU = Release|Any CPU
	EndGlobalSection
	GlobalSection(ProjectConfigurationPlatforms) = postSolution
		{0141D610-5AFD-4B07-BFCA-DE86D610BE90}.Debug|Any CPU.ActiveCfg = Debug|Any CPU
		{0141D610-5AFD-4B07-BFCA-DE86D610BE90}.Debug|Any CPU.Build.0 = Debug|Any CPU
		{0141D610-5AFD-4B07-BFCA-DE86D610BE90}.Release|Any CPU.ActiveCfg = Release|Any CPU
		{0141D610-5AFD-4B07-BFCA-DE86D610BE90}.Release|Any CPU.Build.0 = Release|Any CPU
	EndGlobalSection
	GlobalSection(SolutionProperties) = preSolution
		HideSolutionNode = FALSE
	EndGlobalSection
	GlobalSection(ExtensibilityGlobals) = postSolution
		SolutionGuid = {3FE4C159-1845-4F96-9FD3-16131E0919EB}
	EndGlobalSection
EndGlobal
